# THIS IS AN AUTOGENERATED FILE. DO NOT EDIT THIS FILE DIRECTLY.
# yarn lockfile v1


"@types/shortid@^0.0.29":
  version "0.0.29"
  resolved "https://registry.yarnpkg.com/@types/shortid/-/shortid-0.0.29.tgz#8093ee0416a6e2bf2aa6338109114b3fbffa0e9b"

shortid@^2.2.8:
  version "2.2.8"
  resolved "https://registry.yarnpkg.com/shortid/-/shortid-2.2.8.tgz#033b117d6a2e975804f6f0969dbe7d3d0b355131"
